
Microsoft Visual Studio Solution File, Format Version 12.00
# Visual Studio Version 16
VisualStudioVersion = 25.0.1700.0
MinimumVisualStudioVersion = 10.0.40219.1
Project("{FAE04EC0-301F-11D3-BF4B-00C04F79EFBC}") = "LongestConsecutiveSequence", "LongestConsecutiveSequence\LongestConsecutiveSequence.csproj", "{29C0952E-00CA-480C-8CD6-183222FCA8C9}"
EndProject
Project("{FAE04EC0-301F-11D3-BF4B-00C04F79EFBC}") = "AddTwoNumbers", "AddTwoNumbers\AddTwoNumbers.csproj", "{3464A6D1-0A69-4C54-8AA1-D5A5170B343B}"
EndProject
Project("{FAE04EC0-301F-11D3-BF4B-00C04F79EFBC}") = "RecursiveBinarySearch", "RecursiveBinarySearch\RecursiveBinarySearch.csproj", "{54862FA4-1535-4665-95D0-CB231B96F820}"
EndProject
Project("{FAE04EC0-301F-11D3-BF4B-00C04F79EFBC}") = "RecursiveQuickSort", "RecursiveQuickSort\RecursiveQuickSort.csproj", "{D826B5E0-821F-4A06-AE88-10F23C03AC95}"
EndProject
Global
	GlobalSection(SolutionConfigurationPlatforms) = preSolution
		Debug|Any CPU = Debug|Any CPU
		Release|Any CPU = Release|Any CPU
	EndGlobalSection
	GlobalSection(ProjectConfigurationPlatforms) = postSolution
		{29C0952E-00CA-480C-8CD6-183222FCA8C9}.Debug|Any CPU.ActiveCfg = Debug|Any CPU
		{29C0952E-00CA-480C-8CD6-183222FCA8C9}.Debug|Any CPU.Build.0 = Debug|Any CPU
		{29C0952E-00CA-480C-8CD6-183222FCA8C9}.Release|Any CPU.ActiveCfg = Release|Any CPU
		{29C0952E-00CA-480C-8CD6-183222FCA8C9}.Release|Any CPU.Build.0 = Release|Any CPU
		{3464A6D1-0A69-4C54-8AA1-D5A5170B343B}.Debug|Any CPU.ActiveCfg = Debug|Any CPU
		{3464A6D1-0A69-4C54-8AA1-D5A5170B343B}.Debug|Any CPU.Build.0 = Debug|Any CPU
		{3464A6D1-0A69-4C54-8AA1-D5A5170B343B}.Release|Any CPU.ActiveCfg = Release|Any CPU
		{3464A6D1-0A69-4C54-8AA1-D5A5170B343B}.Release|Any CPU.Build.0 = Release|Any CPU
		{54862FA4-1535-4665-95D0-CB231B96F820}.Debug|Any CPU.ActiveCfg = Debug|Any CPU
		{54862FA4-1535-4665-95D0-CB231B96F820}.Debug|Any CPU.Build.0 = Debug|Any CPU
		{54862FA4-1535-4665-95D0-CB231B96F820}.Release|Any CPU.ActiveCfg = Release|Any CPU
		{54862FA4-1535-4665-95D0-CB231B96F820}.Release|Any CPU.Build.0 = Release|Any CPU
		{D826B5E0-821F-4A06-AE88-10F23C03AC95}.Debug|Any CPU.ActiveCfg = Debug|Any CPU
		{D826B5E0-821F-4A06-AE88-10F23C03AC95}.Debug|Any CPU.Build.0 = Debug|Any CPU
		{D826B5E0-821F-4A06-AE88-10F23C03AC95}.Release|Any CPU.ActiveCfg = Release|Any CPU
		{D826B5E0-821F-4A06-AE88-10F23C03AC95}.Release|Any CPU.Build.0 = Release|Any CPU
	EndGlobalSection
	GlobalSection(SolutionProperties) = preSolution
		HideSolutionNode = FALSE
	EndGlobalSection
	GlobalSection(ExtensibilityGlobals) = postSolution
		SolutionGuid = {114AFA0E-5320-47FE-9E4A-4F7BE995A5EB}
	EndGlobalSection
EndGlobal
