
Microsoft Visual Studio Solution File, Format Version 12.00
# Visual Studio Version 16
VisualStudioVersion = 25.0.1700.0
MinimumVisualStudioVersion = 10.0.40219.1
Project("{FAE04EC0-301F-11D3-BF4B-00C04F79EFBC}") = "01numbers", "01numbers\01numbers.csproj", "{FE040C2D-FBDC-482C-8653-CE35F00D7EAE}"
EndProject
Project("{FAE04EC0-301F-11D3-BF4B-00C04F79EFBC}") = "02stringArries", "02stringArries\02stringArries.csproj", "{29490A3D-2659-4B19-BCDF-BEEF7BF2C094}"
EndProject
Project("{FAE04EC0-301F-11D3-BF4B-00C04F79EFBC}") = "CalculateTheDigitsThatOccurTheMostNumber", "CalculateTheDigitsThatOccurTheMostNumber\CalculateTheDigitsThatOccurTheMostNumber.csproj", "{F9CFA9F3-52CC-42DF-9328-98D0E159B198}"
EndProject
Global
	GlobalSection(SolutionConfigurationPlatforms) = preSolution
		Debug|Any CPU = Debug|Any CPU
		Release|Any CPU = Release|Any CPU
	EndGlobalSection
	GlobalSection(ProjectConfigurationPlatforms) = postSolution
		{FE040C2D-FBDC-482C-8653-CE35F00D7EAE}.Debug|Any CPU.ActiveCfg = Debug|Any CPU
		{FE040C2D-FBDC-482C-8653-CE35F00D7EAE}.Debug|Any CPU.Build.0 = Debug|Any CPU
		{FE040C2D-FBDC-482C-8653-CE35F00D7EAE}.Release|Any CPU.ActiveCfg = Release|Any CPU
		{FE040C2D-FBDC-482C-8653-CE35F00D7EAE}.Release|Any CPU.Build.0 = Release|Any CPU
		{29490A3D-2659-4B19-BCDF-BEEF7BF2C094}.Debug|Any CPU.ActiveCfg = Debug|Any CPU
		{29490A3D-2659-4B19-BCDF-BEEF7BF2C094}.Debug|Any CPU.Build.0 = Debug|Any CPU
		{29490A3D-2659-4B19-BCDF-BEEF7BF2C094}.Release|Any CPU.ActiveCfg = Release|Any CPU
		{29490A3D-2659-4B19-BCDF-BEEF7BF2C094}.Release|Any CPU.Build.0 = Release|Any CPU
		{F9CFA9F3-52CC-42DF-9328-98D0E159B198}.Debug|Any CPU.ActiveCfg = Debug|Any CPU
		{F9CFA9F3-52CC-42DF-9328-98D0E159B198}.Debug|Any CPU.Build.0 = Debug|Any CPU
		{F9CFA9F3-52CC-42DF-9328-98D0E159B198}.Release|Any CPU.ActiveCfg = Release|Any CPU
		{F9CFA9F3-52CC-42DF-9328-98D0E159B198}.Release|Any CPU.Build.0 = Release|Any CPU
	EndGlobalSection
	GlobalSection(SolutionProperties) = preSolution
		HideSolutionNode = FALSE
	EndGlobalSection
	GlobalSection(ExtensibilityGlobals) = postSolution
		SolutionGuid = {80525181-58E4-4313-8751-DD4A2DEDF04A}
	EndGlobalSection
EndGlobal
